{
  "originHash" : "718351ee53cf0ad6d6b52b40377a5986832722d7adfd75b2064881de3df84be2",
  "pins" : [
    {
      "identity" : "async-http-client",
      "kind" : "remoteSourceControl",
      "location" : "https://github.com/swift-server/async-http-client.git",
      "state" : {
        "revision" : "b2faff932b956df50668241d14f1b42f7bae12b4",
        "version" : "1.30.0"
      }
    },
    {
      "identity" : "bat-rootshell",
      "kind" : "remoteSourceControl",
      "location" : "https://github.com/kitknox/bat-rootshell.git",
      "state" : {
        "revision" : "127204dd49a76d65490d7b3c70c5a16e2c2732d8",
        "version" : "0.1.1"
      }
    },
    {
      "identity" : "bigint",
      "kind" : "remoteSourceControl",
      "location" : "https://github.com/attaswift/BigInt.git",
      "state" : {
        "revision" : "e07e00fa1fd435143a2dcf8b7eec9a7710b2fdfe",
        "version" : "5.7.0"
      }
    },
    {
      "identity" : "citadel-rootshell",
      "kind" : "remoteSourceControl",
      "location" : "https://github.com/kitknox/Citadel-rootshell.git",
      "state" : {
        "revision" : "57b6c3a0d2c7161bec7f9b4cdf4b009b2b69d30f",
        "version" : "0.12.3"
      }
    },
    {
      "identity" : "cryptoswift",
      "kind" : "remoteSourceControl",
      "location" : "https://github.com/krzyzanowskim/CryptoSwift.git",
      "state" : {
        "revision" : "e45a26384239e028ec87fbcc788f513b67e10d8f",
        "version" : "1.9.0"
      }
    },
    {
      "identity" : "curl_ios-rootshell",
      "kind" : "remoteSourceControl",
      "location" : "https://github.com/kitknox/curl_ios-rootshell.git",
      "state" : {
        "revision" : "2c864074bf7daa53dd920e99ecbf647279884a90",
        "version" : "0.2.0"
      }
    },
    {
      "identity" : "ghosttykit-rootshell",
      "kind" : "remoteSourceControl",
      "location" : "https://github.com/kitknox/ghosttykit-rootshell.git",
      "state" : {
        "revision" : "a1e75f5622fbb83cf5eb2b7a2b168f0b9f364087",
        "version" : "0.2.10"
      }
    },
    {
      "identity" : "helix-rootshell",
      "kind" : "remoteSourceControl",
      "location" : "https://github.com/kitknox/helix-rootshell.git",
      "state" : {
        "revision" : "549560b940a2968a1f05fb780537af5da4000316",
        "version" : "0.1.5"
      }
    },
    {
      "identity" : "ios_system-rootshell",
      "kind" : "remoteSourceControl",
      "location" : "https://github.com/kitknox/ios_system-rootshell.git",
      "state" : {
        "revision" : "8f84ebfc7ee44cb05402cabdd1a82b4214a173cd",
        "version" : "0.1.0"
      }
    },
    {
      "identity" : "joe-rootshell",
      "kind" : "remoteSourceControl",
      "location" : "https://github.com/kitknox/joe-rootshell.git",
      "state" : {
        "revision" : "cc2693d65b8f937aa484edce41eb9018f6553f6a",
        "version" : "0.1.0"
      }
    },
    {
      "identity" : "jq-rootshell",
      "kind" : "remoteSourceControl",
      "location" : "https://github.com/kitknox/jq-rootshell.git",
      "state" : {
        "revision" : "191e01f4e2b88798851b28197c328826c20cba79",
        "version" : "0.1.0"
      }
    },
    {
      "identity" : "libarchive_ios-rootshell",
      "kind" : "remoteSourceControl",
      "location" : "https://github.com/kitknox/libarchive_ios-rootshell.git",
      "state" : {
        "revision" : "beb512f57ac11823a6638a2d8c66aa91fc0acd15",
        "version" : "0.1.0"
      }
    },
    {
      "identity" : "libgit2-rootshell",
      "kind" : "remoteSourceControl",
      "location" : "https://github.com/kitknox/libgit2-rootshell.git",
      "state" : {
        "revision" : "ed3a4d8cc0ce153821917d4121ecfdd30221f3fb",
        "version" : "0.1.6"
      }
    },
    {
      "identity" : "model",
      "kind" : "remoteSourceControl",
      "location" : "https://github.com/swiftkube/model.git",
      "state" : {
        "revision" : "883df816465997f8f523d07702af16da4e4614c3",
        "version" : "0.18.0"
      }
    },
    {
      "identity" : "network_ios-rootshell",
      "kind" : "remoteSourceControl",
      "location" : "https://github.com/kitknox/network_ios-rootshell.git",
      "state" : {
        "revision" : "f37aefe8a30bc43d551a29777619d5721c5002eb",
        "version" : "0.4.0"
      }
    },
    {
      "identity" : "ripgrep-rootshell",
      "kind" : "remoteSourceControl",
      "location" : "https://github.com/kitknox/ripgrep-rootshell.git",
      "state" : {
        "revision" : "3a914c43c4683bc325294ac6e7a77c77024bce97",
        "version" : "0.1.0"
      }
    },
    {
      "identity" : "rootshell-vnc",
      "kind" : "remoteSourceControl",
      "location" : "https://github.com/kitknox/rootshell-vnc.git",
      "state" : {
        "revision" : "0ccb286ee205c0566950feddf17a87736edcf6cc"
      }
    },
    {
      "identity" : "sparkle-rootshell",
      "kind" : "remoteSourceControl",
      "location" : "https://github.com/kitknox/Sparkle-rootshell.git",
      "state" : {
        "revision" : "81c3bcf59afb59c04fb67f19d9d939869198d657",
        "version" : "2.9.4-rootshell.1"
      }
    },
    {
      "identity" : "swift-algorithms",
      "kind" : "remoteSourceControl",
      "location" : "https://github.com/apple/swift-algorithms.git",
      "state" : {
        "revision" : "87e50f483c54e6efd60e885f7f5aa946cee68023",
        "version" : "1.2.1"
      }
    },
    {
      "identity" : "swift-asn1",
      "kind" : "remoteSourceControl",
      "location" : "https://github.com/apple/swift-asn1.git",
      "state" : {
        "revision" : "810496cf121e525d660cd0ea89a758740476b85f",
        "version" : "1.5.1"
      }
    },
    {
      "identity" : "swift-async-algorithms",
      "kind" : "remoteSourceControl",
      "location" : "https://github.com/apple/swift-async-algorithms.git",
      "state" : {
        "revision" : "2773d4125311133a2f705ec374c363a935069d45",
        "version" : "1.1.0"
      }
    },
    {
      "identity" : "swift-atomics",
      "kind" : "remoteSourceControl",
      "location" : "https://github.com/apple/swift-atomics.git",
      "state" : {
        "revision" : "b601256eab081c0f92f059e12818ac1d4f178ff7",
        "version" : "1.3.0"
      }
    },
    {
      "identity" : "swift-certificates",
      "kind" : "remoteSourceControl",
      "location" : "https://github.com/apple/swift-certificates.git",
      "state" : {
        "revision" : "66a8512c4e7466582bab21e0e0c333f01974e5b6",
        "version" : "1.16.0"
      }
    },
    {
      "identity" : "swift-collections",
      "kind" : "remoteSourceControl",
      "location" : "https://github.com/apple/swift-collections.git",
      "state" : {
        "revision" : "7b847a3b7008b2dc2f47ca3110d8c782fb2e5c7e",
        "version" : "1.3.0"
      }
    },
    {
      "identity" : "swift-crypto",
      "kind" : "remoteSourceControl",
      "location" : "https://github.com/apple/swift-crypto.git",
      "state" : {
        "revision" : "95ba0316a9b733e92bb6b071255ff46263bbe7dc",
        "version" : "3.15.1"
      }
    },
    {
      "identity" : "swift-distributed-tracing",
      "kind" : "remoteSourceControl",
      "location" : "https://github.com/apple/swift-distributed-tracing.git",
      "state" : {
        "revision" : "baa932c1336f7894145cbaafcd34ce2dd0b77c97",
        "version" : "1.3.1"
      }
    },
    {
      "identity" : "swift-http-structured-headers",
      "kind" : "remoteSourceControl",
      "location" : "https://github.com/apple/swift-http-structured-headers.git",
      "state" : {
        "revision" : "76d7627bd88b47bf5a0f8497dd244885960dde0b",
        "version" : "1.6.0"
      }
    },
    {
      "identity" : "swift-http-types",
      "kind" : "remoteSourceControl",
      "location" : "https://github.com/apple/swift-http-types.git",
      "state" : {
        "revision" : "45eb0224913ea070ec4fba17291b9e7ecf4749ca",
        "version" : "1.5.1"
      }
    },
    {
      "identity" : "swift-log",
      "kind" : "remoteSourceControl",
      "location" : "https://github.com/apple/swift-log.git",
      "state" : {
        "revision" : "ce592ae52f982c847a4efc0dd881cc9eb32d29f2",
        "version" : "1.6.4"
      }
    },
    {
      "identity" : "swift-metrics",
      "kind" : "remoteSourceControl",
      "location" : "https://github.com/apple/swift-metrics.git",
      "state" : {
        "revision" : "0743a9364382629da3bf5677b46a2c4b1ce5d2a6",
        "version" : "2.7.1"
      }
    },
    {
      "identity" : "swift-nio",
      "kind" : "remoteSourceControl",
      "location" : "https://github.com/apple/swift-nio.git",
      "state" : {
        "revision" : "e932d3c4d8f77433c8f7093b5ebcbf91463948a0",
        "version" : "2.95.0"
      }
    },
    {
      "identity" : "swift-nio-extras",
      "kind" : "remoteSourceControl",
      "location" : "https://github.com/apple/swift-nio-extras.git",
      "state" : {
        "revision" : "7ee281d816fa8e5f3967a2c294035a318ea551c7",
        "version" : "1.31.0"
      }
    },
    {
      "identity" : "swift-nio-http2",
      "kind" : "remoteSourceControl",
      "location" : "https://github.com/apple/swift-nio-http2.git",
      "state" : {
        "revision" : "c2ba4cfbb83f307c66f5a6df6bb43e3c88dfbf80",
        "version" : "1.39.0"
      }
    },
    {
      "identity" : "swift-nio-ssh-rootshell",
      "kind" : "remoteSourceControl",
      "location" : "https://github.com/kitknox/swift-nio-ssh-rootshell.git",
      "state" : {
        "revision" : "0ed799156bbfa188ceb20f61ec446f2f9093aba0",
        "version" : "0.1.1"
      }
    },
    {
      "identity" : "swift-nio-ssl",
      "kind" : "remoteSourceControl",
      "location" : "https://github.com/apple/swift-nio-ssl.git",
      "state" : {
        "revision" : "173cc69a058623525a58ae6710e2f5727c663793",
        "version" : "2.36.0"
      }
    },
    {
      "identity" : "swift-nio-transport-services",
      "kind" : "remoteSourceControl",
      "location" : "https://github.com/apple/swift-nio-transport-services.git",
      "state" : {
        "revision" : "60c3e187154421171721c1a38e800b390680fb5d",
        "version" : "1.26.0"
      }
    },
    {
      "identity" : "swift-numerics",
      "kind" : "remoteSourceControl",
      "location" : "https://github.com/apple/swift-numerics.git",
      "state" : {
        "revision" : "0c0290ff6b24942dadb83a929ffaaa1481df04a2",
        "version" : "1.1.1"
      }
    },
    {
      "identity" : "swift-service-context",
      "kind" : "remoteSourceControl",
      "location" : "https://github.com/apple/swift-service-context.git",
      "state" : {
        "revision" : "1983448fefc717a2bc2ebde5490fe99873c5b8a6",
        "version" : "1.2.1"
      }
    },
    {
      "identity" : "swift-service-lifecycle",
      "kind" : "remoteSourceControl",
      "location" : "https://github.com/swift-server/swift-service-lifecycle.git",
      "state" : {
        "revision" : "1de37290c0ab3c5a96028e0f02911b672fd42348",
        "version" : "2.9.1"
      }
    },
    {
      "identity" : "swift-system",
      "kind" : "remoteSourceControl",
      "location" : "https://github.com/apple/swift-system.git",
      "state" : {
        "revision" : "395a77f0aa927f0ff73941d7ac35f2b46d47c9db",
        "version" : "1.6.3"
      }
    },
    {
      "identity" : "swiftkube-rootshell",
      "kind" : "remoteSourceControl",
      "location" : "https://github.com/kitknox/Swiftkube-rootshell.git",
      "state" : {
        "revision" : "c3c9bf905aa4934e79e88b7b2427f155b58dc4e3",
        "version" : "0.25.1"
      }
    },
    {
      "identity" : "swiftopenai-rootshell",
      "kind" : "remoteSourceControl",
      "location" : "https://github.com/kitknox/SwiftOpenAI-rootshell.git",
      "state" : {
        "revision" : "04632dc753f873116ab048076fd6474d429bbcd0",
        "version" : "4.4.8"
      }
    },
    {
      "identity" : "trzsz-ssh-rootshell",
      "kind" : "remoteSourceControl",
      "location" : "https://github.com/kitknox/trzsz-ssh-rootshell.git",
      "state" : {
        "revision" : "bd9e777620a2ec40e7be59ec31e8a008ff5f7fa5",
        "version" : "0.2.2"
      }
    },
    {
      "identity" : "vim-rootshell",
      "kind" : "remoteSourceControl",
      "location" : "https://github.com/kitknox/vim-rootshell.git",
      "state" : {
        "revision" : "413e174222cb100840561e264446ffd050738205",
        "version" : "0.1.0"
      }
    },
    {
      "identity" : "xz_ios-rootshell",
      "kind" : "remoteSourceControl",
      "location" : "https://github.com/kitknox/xz_ios-rootshell.git",
      "state" : {
        "revision" : "d15706de071d154eaf55fd6e6010285c40428170",
        "version" : "0.1.0"
      }
    },
    {
      "identity" : "yams-rootshell",
      "kind" : "remoteSourceControl",
      "location" : "https://github.com/kitknox/Yams-rootshell.git",
      "state" : {
        "revision" : "a63b208aa02b675d795e4dce370f4d062c8815aa",
        "version" : "6.2.1"
      }
    },
    {
      "identity" : "yubikit-swift-rootshell",
      "kind" : "remoteSourceControl",
      "location" : "https://github.com/kitknox/yubikit-swift-rootshell.git",
      "state" : {
        "revision" : "8bab15ec709c02024a3baba28a55ed8c017b808b",
        "version" : "1.3.1"
      }
    }
  ],
  "version" : 3
}
